# THIS IS AN AUTOGENERATED FILE. DO NOT EDIT THIS FILE DIRECTLY.
# yarn lockfile v1


"@types/node@16.7.0":
  version "16.7.0"
  resolved "https://registry.npmmirror.com/@types/node/-/node-16.7.0.tgz#f0374c4e89d1fc1ef705caad3021ba34c1a9294c"
  integrity sha512-e66BrnjWQ3BRBZ2+iA5e85fcH9GLNe4S0n1H0T3OalK2sXg5XWEFTO4xvmGrYQ3edy+q6fdOh5t0/HOY8OAqBg==

husky@^9.0.11:
  version "9.0.11"
  resolved "https://registry.npmmirror.com/husky/-/husky-9.0.11.tgz#fc91df4c756050de41b3e478b2158b87c1e79af9"
  integrity sha512-AB6lFlbwwyIqMdHYhwPe+kjOC3Oc5P3nThEoW/AaO2BX3vJDjWPFxYLxokUZOo6RNX20He3AaT8sESs9NJcmEw==

prettier@^2.8.8:
  version "2.8.8"
  resolved "https://registry.npmmirror.com/prettier/-/prettier-2.8.8.tgz#e8c5d7e98a4305ffe3de2e1fc4aca1a71c28b1da"
  integrity sha512-tdN8qQGvNjw4CHbY+XXk0JgCXn9QiF21a55rBe5LJAU+kDyC4WQn4+awm2Xfk2lQMk5fKup9XgzTZtGkjBdP9Q==

typescript@^5.2.2:
  version "5.5.3"
  resolved "https://registry.npmmirror.com/typescript/-/typescript-5.5.3.tgz#e1b0a3c394190838a0b168e771b0ad56a0af0faa"
  integrity sha512-/hreyEujaB0w76zKo6717l3L0o/qEUtRgdvUBvlkhoWeOVMjMuHNHk0BRBzikzuGDqNmPQbg5ifMEqsHLiIUcQ==
